{
  "nodes": {
    "bazarr-src": {
      "flake": false,
      "locked": {
        "lastModified": 1783169010,
        "narHash": "sha256-LRcc2wg5u260yl3A7rRwBfldl6WOyvF2T9NKGTKabfw=",
        "type": "tarball",
        "url": "https://github.com/morpheus65535/bazarr/releases/latest/download/bazarr.zip"
      },
      "original": {
        "type": "tarball",
        "url": "https://github.com/morpheus65535/bazarr/releases/latest/download/bazarr.zip"
      }
    },
    "minimalbase": {
      "inputs": {
        "nixpkgs": "nixpkgs"
      },
      "locked": {
        "lastModified": 1785721506,
        "narHash": "sha256-kQ4QaaUHF3ZIKAASWqvUTXAMkhZh3N3/kLc5472WobQ=",
        "owner": "nonrootdocker",
        "repo": "minimalbase",
        "rev": "7992e3f57feef6e1d5474be62bcaea1dd97aea0a",
        "type": "github"
      },
      "original": {
        "owner": "nonrootdocker",
        "repo": "minimalbase",
        "type": "github"
      }
    },
    "nixpkgs": {
      "locked": {
        "lastModified": 1785115938,
        "narHash": "sha256-Lr2gry/rxJUMzCo6N/ttfEOd6EP2o4x84DxpYfSFu1s=",
        "owner": "NixOS",
        "repo": "nixpkgs",
        "rev": "4bae3fedb1d092b4870d6a8aaaa67cd9f4bd4907",
        "type": "github"
      },
      "original": {
        "owner": "NixOS",
        "repo": "nixpkgs",
        "type": "github"
      }
    },
    "root": {
      "inputs": {
        "bazarr-src": "bazarr-src",
        "minimalbase": "minimalbase",
        "nixpkgs": [
          "minimalbase",
          "nixpkgs"
        ]
      }
    }
  },
  "root": "root",
  "version": 7
}
