{
  "nodes": {
    "bazarr-src": {
      "flake": false,
      "locked": {
        "lastModified": 1772105588,
        "narHash": "sha256-S3idNH9Wm9f6aNj69dERmeks1rLvUeQJYFebXa5cWQo=",
        "type": "tarball",
        "url": "https://github.com/morpheus65535/bazarr/releases/latest/download/bazarr.zip"
      },
      "original": {
        "type": "tarball",
        "url": "https://github.com/morpheus65535/bazarr/releases/latest/download/bazarr.zip"
      }
    },
    "minimalbase": {
      "inputs": {
        "nixpkgs": "nixpkgs"
      },
      "locked": {
        "lastModified": 1783302338,
        "narHash": "sha256-5Bczq3tdMZR5r++aLOfkD1RWScA9tgPRWAiEmlRaOs0=",
        "owner": "nonrootdocker",
        "repo": "minimalbase",
        "rev": "66c7fb8f86524003f3db7acb12f552bb4a2f26b7",
        "type": "github"
      },
      "original": {
        "owner": "nonrootdocker",
        "repo": "minimalbase",
        "type": "github"
      }
    },
    "nixpkgs": {
      "locked": {
        "lastModified": 1783301605,
        "narHash": "sha256-hSwFn3/e70Z32AozXOadpmCub4ITFrqChPJJJ/qOAVY=",
        "owner": "NixOS",
        "repo": "nixpkgs",
        "rev": "95e7ef5ed77baf8e2939ff3770b9eb02632389fe",
        "type": "github"
      },
      "original": {
        "owner": "NixOS",
        "repo": "nixpkgs",
        "type": "github"
      }
    },
    "root": {
      "inputs": {
        "bazarr-src": "bazarr-src",
        "minimalbase": "minimalbase",
        "nixpkgs": [
          "minimalbase",
          "nixpkgs"
        ]
      }
    }
  },
  "root": "root",
  "version": 7
}
